// !$*UTF8*$!
{
	archiveVersion = 1;
	classes = {
	};
	objectVersion = 56;
	objects = {

/* Begin PBXBuildFile section */
		6C43AF4F2AD5120200452CA7 /* SmileyView.swift in Sources */ = {isa = PBXBuildFile; fileRef = 6C43AF4E2AD5120200452CA7 /* SmileyView.swift */; };
		6C75C8262AD4EBDF00FFFE24 /* bogPhoneOSApp.swift in Sources */ = {isa = PBXBuildFile; fileRef = 6C75C8252AD4EBDF00FFFE24 /* bogPhoneOSApp.swift */; };
		6C75C82A2AD4EBE100FFFE24 /* Assets.xcassets in Resources */ = {isa = PBXBuildFile; fileRef = 6C75C8292AD4EBE100FFFE24 /* Assets.xcassets */; };
		6C75C82E2AD4EBE100FFFE24 /* Preview Assets.xcassets in Resources */ = {isa = PBXBuildFile; fileRef = 6C75C82D2AD4EBE100FFFE24 /* Preview Assets.xcassets */; };
		6C75C8372AD4EC4500FFFE24 /* TerminalTextField.swift in Sources */ = {isa = PBXBuildFile; fileRef = 6C75C8352AD4EC4500FFFE24 /* TerminalTextField.swift */; };
		6C75C8382AD4EC4500FFFE24 /* ContentView.swift in Sources */ = {isa = PBXBuildFile; fileRef = 6C75C8362AD4EC4500FFFE24 /* ContentView.swift */; };
		6C75C83D2AD4EC4F00FFFE24 /* MinimalTextFieldStyle.swift in Sources */ = {isa = PBXBuildFile; fileRef = 6C75C83A2AD4EC4F00FFFE24 /* MinimalTextFieldStyle.swift */; };
		6C75C83E2AD4EC4F00FFFE24 /* MinimalButtonStyle.swift in Sources */ = {isa = PBXBuildFile; fileRef = 6C75C83B2AD4EC4F00FFFE24 /* MinimalButtonStyle.swift */; };
		6C75C83F2AD4EC4F00FFFE24 /* MinimalModifier.swift in Sources */ = {isa = PBXBuildFile; fileRef = 6C75C83C2AD4EC4F00FFFE24 /* MinimalModifier.swift */; };
		6C75C8442AD4F69A00FFFE24 /* BogshView.swift in Sources */ = {isa = PBXBuildFile; fileRef = 6C75C8432AD4F69A00FFFE24 /* BogshView.swift */; };
		6CA8B28C2AD60E3C0008074A /* BogshModels.swift in Sources */ = {isa = PBXBuildFile; fileRef = 6CA8B28B2AD60E3C0008074A /* BogshModels.swift */; };
/* End PBXBuildFile section */

/* Begin PBXFileReference section */
		6C43AF4E2AD5120200452CA7 /* SmileyView.swift */ = {isa = PBXFileReference; lastKnownFileType = sourcecode.swift; path = SmileyView.swift; sourceTree = "<group>"; };
		6C75C8222AD4EBDF00FFFE24 /* bogPhoneOS.app */ = {isa = PBXFileReference; explicitFileType = wrapper.application; includeInIndex = 0; path = bogPhoneOS.app; sourceTree = BUILT_PRODUCTS_DIR; };
		6C75C8252AD4EBDF00FFFE24 /* bogPhoneOSApp.swift */ = {isa = PBXFileReference; lastKnownFileType = sourcecode.swift; path = bogPhoneOSApp.swift; sourceTree = "<group>"; };
		6C75C8292AD4EBE100FFFE24 /* Assets.xcassets */ = {isa = PBXFileReference; lastKnownFileType = folder.assetcatalog; path = Assets.xcassets; sourceTree = "<group>"; };
		6C75C82B2AD4EBE100FFFE24 /* bogPhoneOS.entitlements */ = {isa = PBXFileReference; lastKnownFileType = text.plist.entitlements; path = bogPhoneOS.entitlements; sourceTree = "<group>"; };
		6C75C82D2AD4EBE100FFFE24 /* Preview Assets.xcassets */ = {isa = PBXFileReference; lastKnownFileType = folder.assetcatalog; path = "Preview Assets.xcassets"; sourceTree = "<group>"; };
		6C75C8352AD4EC4500FFFE24 /* TerminalTextField.swift */ = {isa = PBXFileReference; fileEncoding = 4; lastKnownFileType = sourcecode.swift; path = TerminalTextField.swift; sourceTree = "<group>"; };
		6C75C8362AD4EC4500FFFE24 /* ContentView.swift */ = {isa = PBXFileReference; fileEncoding = 4; lastKnownFileType = sourcecode.swift; path = ContentView.swift; sourceTree = "<group>"; };
		6C75C83A2AD4EC4F00FFFE24 /* MinimalTextFieldStyle.swift */ = {isa = PBXFileReference; fileEncoding = 4; lastKnownFileType = sourcecode.swift; path = MinimalTextFieldStyle.swift; sourceTree = "<group>"; };
		6C75C83B2AD4EC4F00FFFE24 /* MinimalButtonStyle.swift */ = {isa = PBXFileReference; fileEncoding = 4; lastKnownFileType = sourcecode.swift; path = MinimalButtonStyle.swift; sourceTree = "<group>"; };
		6C75C83C2AD4EC4F00FFFE24 /* MinimalModifier.swift */ = {isa = PBXFileReference; fileEncoding = 4; lastKnownFileType = sourcecode.swift; path = MinimalModifier.swift; sourceTree = "<group>"; };
		6C75C8432AD4F69A00FFFE24 /* BogshView.swift */ = {isa = PBXFileReference; lastKnownFileType = sourcecode.swift; path = BogshView.swift; sourceTree = "<group>"; };
		6CA8B28B2AD60E3C0008074A /* BogshModels.swift */ = {isa = PBXFileReference; lastKnownFileType = sourcecode.swift; path = BogshModels.swift; sourceTree = "<group>"; };
/* End PBXFileReference section */

/* Begin PBXFrameworksBuildPhase section */
		6C75C81F2AD4EBDF00FFFE24 /* Frameworks */ = {
			isa = PBXFrameworksBuildPhase;
			buildActionMask = 2147483647;
			files = (
			);
			runOnlyForDeploymentPostprocessing = 0;
		};
/* End PBXFrameworksBuildPhase section */

/* Begin PBXGroup section */
		6C75C8192AD4EBDF00FFFE24 = {
			isa = PBXGroup;
			children = (
				6C75C8242AD4EBDF00FFFE24 /* bogPhoneOS */,
				6C75C8232AD4EBDF00FFFE24 /* Products */,
			);
			sourceTree = "<group>";
		};
		6C75C8232AD4EBDF00FFFE24 /* Products */ = {
			isa = PBXGroup;
			children = (
				6C75C8222AD4EBDF00FFFE24 /* bogPhoneOS.app */,
			);
			name = Products;
			sourceTree = "<group>";
		};
		6C75C8242AD4EBDF00FFFE24 /* bogPhoneOS */ = {
			isa = PBXGroup;
			children = (
				6CA8B28A2AD60E240008074A /* Models */,
				6C75C8392AD4EC4F00FFFE24 /* styles */,
				6C75C8342AD4EC4500FFFE24 /* views */,
				6C75C8252AD4EBDF00FFFE24 /* bogPhoneOSApp.swift */,
				6C75C8292AD4EBE100FFFE24 /* Assets.xcassets */,
				6C75C82B2AD4EBE100FFFE24 /* bogPhoneOS.entitlements */,
				6C75C82C2AD4EBE100FFFE24 /* Preview Content */,
			);
			path = bogPhoneOS;
			sourceTree = "<group>";
		};
		6C75C82C2AD4EBE100FFFE24 /* Preview Content */ = {
			isa = PBXGroup;
			children = (
				6C75C82D2AD4EBE100FFFE24 /* Preview Assets.xcassets */,
			);
			path = "Preview Content";
			sourceTree = "<group>";
		};
		6C75C8342AD4EC4500FFFE24 /* views */ = {
			isa = PBXGroup;
			children = (
				6C75C8352AD4EC4500FFFE24 /* TerminalTextField.swift */,
				6C75C8362AD4EC4500FFFE24 /* ContentView.swift */,
				6C75C8432AD4F69A00FFFE24 /* BogshView.swift */,
				6C43AF4E2AD5120200452CA7 /* SmileyView.swift */,
			);
			path = views;
			sourceTree = "<group>";
		};
		6C75C8392AD4EC4F00FFFE24 /* styles */ = {
			isa = PBXGroup;
			children = (
				6C75C83A2AD4EC4F00FFFE24 /* MinimalTextFieldStyle.swift */,
				6C75C83B2AD4EC4F00FFFE24 /* MinimalButtonStyle.swift */,
				6C75C83C2AD4EC4F00FFFE24 /* MinimalModifier.swift */,
			);
			path = styles;
			sourceTree = "<group>";
		};
		6CA8B28A2AD60E240008074A /* Models */ = {
			isa = PBXGroup;
			children = (
				6CA8B28B2AD60E3C0008074A /* BogshModels.swift */,
			);
			path = Models;
			sourceTree = "<group>";
		};
/* End PBXGroup section */

/* Begin PBXNativeTarget section */
		6C75C8212AD4EBDF00FFFE24 /* bogPhoneOS */ = {
			isa = PBXNativeTarget;
			buildConfigurationList = 6C75C8312AD4EBE100FFFE24 /* Build configuration list for PBXNativeTarget "bogPhoneOS" */;
			buildPhases = (
				6C75C81E2AD4EBDF00FFFE24 /* Sources */,
				6C75C81F2AD4EBDF00FFFE24 /* Frameworks */,
				6C75C8202AD4EBDF00FFFE24 /* Resources */,
			);
			buildRules = (
			);
			dependencies = (
			);
			name = bogPhoneOS;
			productName = bogPhoneOS;
			productReference = 6C75C8222AD4EBDF00FFFE24 /* bogPhoneOS.app */;
			productType = "com.apple.product-type.application";
		};
/* End PBXNativeTarget section */

/* Begin PBXProject section */
		6C75C81A2AD4EBDF00FFFE24 /* Project object */ = {
			isa = PBXProject;
			attributes = {
				BuildIndependentTargetsInParallel = 1;
				LastSwiftUpdateCheck = 1500;
				LastUpgradeCheck = 1500;
				TargetAttributes = {
					6C75C8212AD4EBDF00FFFE24 = {
						CreatedOnToolsVersion = 15.0;
					};
				};
			};
			buildConfigurationList = 6C75C81D2AD4EBDF00FFFE24 /* Build configuration list for PBXProject "bogPhoneOS" */;
			compatibilityVersion = "Xcode 14.0";
			developmentRegion = en;
			hasScannedForEncodings = 0;
			knownRegions = (
				en,
				Base,
			);
			mainGroup = 6C75C8192AD4EBDF00FFFE24;
			productRefGroup = 6C75C8232AD4EBDF00FFFE24 /* Products */;
			projectDirPath = "";
			projectRoot = "";
			targets = (
				6C75C8212AD4EBDF00FFFE24 /* bogPhoneOS */,
			);
		};
/* End PBXProject section */

/* Begin PBXResourcesBuildPhase section */
		6C75C8202AD4EBDF00FFFE24 /* Resources */ = {
			isa = PBXResourcesBuildPhase;
			buildActionMask = 2147483647;
			files = (
				6C75C82E2AD4EBE100FFFE24 /* Preview Assets.xcassets in Resources */,
				6C75C82A2AD4EBE100FFFE24 /* Assets.xcassets in Resources */,
			);
			runOnlyForDeploymentPostprocessing = 0;
		};
/* End PBXResourcesBuildPhase section */

/* Begin PBXSourcesBuildPhase section */
		6C75C81E2AD4EBDF00FFFE24 /* Sources */ = {
			isa = PBXSourcesBuildPhase;
			buildActionMask = 2147483647;
			files = (
				6C75C8442AD4F69A00FFFE24 /* BogshView.swift in Sources */,
				6C75C83F2AD4EC4F00FFFE24 /* MinimalModifier.swift in Sources */,
				6C75C83D2AD4EC4F00FFFE24 /* MinimalTextFieldStyle.swift in Sources */,
				6C43AF4F2AD5120200452CA7 /* SmileyView.swift in Sources */,
				6C75C83E2AD4EC4F00FFFE24 /* MinimalButtonStyle.swift in Sources */,
				6C75C8262AD4EBDF00FFFE24 /* bogPhoneOSApp.swift in Sources */,
				6C75C8382AD4EC4500FFFE24 /* ContentView.swift in Sources */,
				6CA8B28C2AD60E3C0008074A /* BogshModels.swift in Sources */,
				6C75C8372AD4EC4500FFFE24 /* TerminalTextField.swift in Sources */,
			);
			runOnlyForDeploymentPostprocessing = 0;
		};
/* End PBXSourcesBuildPhase section */

/* Begin XCBuildConfiguration section */
		6C75C82F2AD4EBE100FFFE24 /* Debug */ = {
			isa = XCBuildConfiguration;
			buildSettings = {
				ALWAYS_SEARCH_USER_PATHS = NO;
				ASSETCATALOG_COMPILER_GENERATE_SWIFT_ASSET_SYMBOL_EXTENSIONS = YES;
				CLANG_ANALYZER_NONNULL = YES;
				CLANG_ANALYZER_NUMBER_OBJECT_CONVERSION = YES_AGGRESSIVE;
				CLANG_CXX_LANGUAGE_STANDARD = "gnu++20";
				CLANG_ENABLE_MODULES = YES;
				CLANG_ENABLE_OBJC_ARC = YES;
				CLANG_ENABLE_OBJC_WEAK = YES;
				CLANG_WARN_BLOCK_CAPTURE_AUTORELEASING = YES;
				CLANG_WARN_BOOL_CONVERSION = YES;
				CLANG_WARN_COMMA = YES;
				CLANG_WARN_CONSTANT_CONVERSION = YES;
				CLANG_WARN_DEPRECATED_OBJC_IMPLEMENTATIONS = YES;
				CLANG_WARN_DIRECT_OBJC_ISA_USAGE = YES_ERROR;
				CLANG_WARN_DOCUMENTATION_COMMENTS = YES;
				CLANG_WARN_EMPTY_BODY = YES;
				CLANG_WARN_ENUM_CONVERSION = YES;
				CLANG_WARN_INFINITE_RECURSION = YES;
				CLANG_WARN_INT_CONVERSION = YES;
				CLANG_WARN_NON_LITERAL_NULL_CONVERSION = YES;
				CLANG_WARN_OBJC_IMPLICIT_RETAIN_SELF = YES;
				CLANG_WARN_OBJC_LITERAL_CONVERSION = YES;
				CLANG_WARN_OBJC_ROOT_CLASS = YES_ERROR;
				CLANG_WARN_QUOTED_INCLUDE_IN_FRAMEWORK_HEADER = YES;
				CLANG_WARN_RANGE_LOOP_ANALYSIS = YES;
				CLANG_WARN_STRICT_PROTOTYPES = YES;
				CLANG_WARN_SUSPICIOUS_MOVE = YES;
				CLANG_WARN_UNGUARDED_AVAILABILITY = YES_AGGRESSIVE;
				CLANG_WARN_UNREACHABLE_CODE = YES;
				CLANG_WARN__DUPLICATE_METHOD_MATCH = YES;
				COPY_PHASE_STRIP = NO;
				DEBUG_INFORMATION_FORMAT = dwarf;
				ENABLE_STRICT_OBJC_MSGSEND = YES;
				ENABLE_TESTABILITY = YES;
				ENABLE_USER_SCRIPT_SANDBOXING = YES;
				GCC_C_LANGUAGE_STANDARD = gnu17;
				GCC_DYNAMIC_NO_PIC = NO;
				GCC_NO_COMMON_BLOCKS = YES;
				GCC_OPTIMIZATION_LEVEL = 0;
				GCC_PREPROCESSOR_DEFINITIONS = (
					"DEBUG=1",
					"$(inherited)",
				);
				GCC_WARN_64_TO_32_BIT_CONVERSION = YES;
				GCC_WARN_ABOUT_RETURN_TYPE = YES_ERROR;
				GCC_WARN_UNDECLARED_SELECTOR = YES;
				GCC_WARN_UNINITIALIZED_AUTOS = YES_AGGRESSIVE;
				GCC_WARN_UNUSED_FUNCTION = YES;
				GCC_WARN_UNUSED_VARIABLE = YES;
				IPHONEOS_DEPLOYMENT_TARGET = 16.0;
				LOCALIZATION_PREFERS_STRING_CATALOGS = YES;
				MTL_ENABLE_DEBUG_INFO = INCLUDE_SOURCE;
				MTL_FAST_MATH = YES;
				ONLY_ACTIVE_ARCH = YES;
				SWIFT_ACTIVE_COMPILATION_CONDITIONS = "DEBUG $(inherited)";
				SWIFT_OPTIMIZATION_LEVEL = "-Onone";
			};
			name = Debug;
		};
		6C75C8302AD4EBE100FFFE24 /* Release */ = {
			isa = XCBuildConfiguration;
			buildSettings = {
				ALWAYS_SEARCH_USER_PATHS = NO;
				ASSETCATALOG_COMPILER_GENERATE_SWIFT_ASSET_SYMBOL_EXTENSIONS = YES;
				CLANG_ANALYZER_NONNULL = YES;
				CLANG_ANALYZER_NUMBER_OBJECT_CONVERSION = YES_AGGRESSIVE;
				CLANG_CXX_LANGUAGE_STANDARD = "gnu++20";
				CLANG_ENABLE_MODULES = YES;
				CLANG_ENABLE_OBJC_ARC = YES;
				CLANG_ENABLE_OBJC_WEAK = YES;
				CLANG_WARN_BLOCK_CAPTURE_AUTORELEASING = YES;
				CLANG_WARN_BOOL_CONVERSION = YES;
				CLANG_WARN_COMMA = YES;
				CLANG_WARN_CONSTANT_CONVERSION = YES;
				CLANG_WARN_DEPRECATED_OBJC_IMPLEMENTATIONS = YES;
				CLANG_WARN_DIRECT_OBJC_ISA_USAGE = YES_ERROR;
				CLANG_WARN_DOCUMENTATION_COMMENTS = YES;
				CLANG_WARN_EMPTY_BODY = YES;
				CLANG_WARN_ENUM_CONVERSION = YES;
				CLANG_WARN_INFINITE_RECURSION = YES;
				CLANG_WARN_INT_CONVERSION = YES;
				CLANG_WARN_NON_LITERAL_NULL_CONVERSION = YES;
				CLANG_WARN_OBJC_IMPLICIT_RETAIN_SELF = YES;
				CLANG_WARN_OBJC_LITERAL_CONVERSION = YES;
				CLANG_WARN_OBJC_ROOT_CLASS = YES_ERROR;
				CLANG_WARN_QUOTED_INCLUDE_IN_FRAMEWORK_HEADER = YES;
				CLANG_WARN_RANGE_LOOP_ANALYSIS = YES;
				CLANG_WARN_STRICT_PROTOTYPES = YES;
				CLANG_WARN_SUSPICIOUS_MOVE = YES;
				CLANG_WARN_UNGUARDED_AVAILABILITY = YES_AGGRESSIVE;
				CLANG_WARN_UNREACHABLE_CODE = YES;
				CLANG_WARN__DUPLICATE_METHOD_MATCH = YES;
				COPY_PHASE_STRIP = NO;
				DEBUG_INFORMATION_FORMAT = "dwarf-with-dsym";
				ENABLE_NS_ASSERTIONS = NO;
				ENABLE_STRICT_OBJC_MSGSEND = YES;
				ENABLE_USER_SCRIPT_SANDBOXING = YES;
				GCC_C_LANGUAGE_STANDARD = gnu17;
				GCC_NO_COMMON_BLOCKS = YES;
				GCC_WARN_64_TO_32_BIT_CONVERSION = YES;
				GCC_WARN_ABOUT_RETURN_TYPE = YES_ERROR;
				GCC_WARN_UNDECLARED_SELECTOR = YES;
				GCC_WARN_UNINITIALIZED_AUTOS = YES_AGGRESSIVE;
				GCC_WARN_UNUSED_FUNCTION = YES;
				GCC_WARN_UNUSED_VARIABLE = YES;
				IPHONEOS_DEPLOYMENT_TARGET = 16.0;
				LOCALIZATION_PREFERS_STRING_CATALOGS = YES;
				MTL_ENABLE_DEBUG_INFO = NO;
				MTL_FAST_MATH = YES;
				SWIFT_COMPILATION_MODE = wholemodule;
			};
			name = Release;
		};
		6C75C8322AD4EBE100FFFE24 /* Debug */ = {
			isa = XCBuildConfiguration;
			buildSettings = {
				ASSETCATALOG_COMPILER_APPICON_NAME = AppIcon;
				ASSETCATALOG_COMPILER_GLOBAL_ACCENT_COLOR_NAME = AccentColor;
				CODE_SIGN_ENTITLEMENTS = bogPhoneOS/bogPhoneOS.entitlements;
				CODE_SIGN_STYLE = Automatic;
				CURRENT_PROJECT_VERSION = 1;
				DEVELOPMENT_ASSET_PATHS = "\"bogPhoneOS/Preview Content\"";
				DEVELOPMENT_TEAM = Z4Q49R8C89;
				ENABLE_HARDENED_RUNTIME = YES;
				ENABLE_PREVIEWS = YES;
				GENERATE_INFOPLIST_FILE = YES;
				"INFOPLIST_KEY_UIApplicationSceneManifest_Generation[sdk=iphoneos*]" = YES;
				"INFOPLIST_KEY_UIApplicationSceneManifest_Generation[sdk=iphonesimulator*]" = YES;
				"INFOPLIST_KEY_UIApplicationSupportsIndirectInputEvents[sdk=iphoneos*]" = YES;
				"INFOPLIST_KEY_UIApplicationSupportsIndirectInputEvents[sdk=iphonesimulator*]" = YES;
				"INFOPLIST_KEY_UILaunchScreen_Generation[sdk=iphoneos*]" = YES;
				"INFOPLIST_KEY_UILaunchScreen_Generation[sdk=iphonesimulator*]" = YES;
				"INFOPLIST_KEY_UIStatusBarStyle[sdk=iphoneos*]" = UIStatusBarStyleDefault;
				"INFOPLIST_KEY_UIStatusBarStyle[sdk=iphonesimulator*]" = UIStatusBarStyleDefault;
				INFOPLIST_KEY_UISupportedInterfaceOrientations_iPad = "UIInterfaceOrientationPortrait UIInterfaceOrientationPortraitUpsideDown UIInterfaceOrientationLandscapeLeft UIInterfaceOrientationLandscapeRight";
				INFOPLIST_KEY_UISupportedInterfaceOrientations_iPhone = "UIInterfaceOrientationPortrait UIInterfaceOrientationLandscapeLeft UIInterfaceOrientationLandscapeRight";
				IPHONEOS_DEPLOYMENT_TARGET = 16.0;
				LD_RUNPATH_SEARCH_PATHS = "@executable_path/Frameworks";
				"LD_RUNPATH_SEARCH_PATHS[sdk=macosx*]" = "@executable_path/../Frameworks";
				MACOSX_DEPLOYMENT_TARGET = 14.0;
				MARKETING_VERSION = 1.0;
				PRODUCT_BUNDLE_IDENTIFIER = greenleafgames.bogPhoneOS;
				PRODUCT_NAME = "$(TARGET_NAME)";
				SDKROOT = auto;
				SUPPORTED_PLATFORMS = "iphoneos iphonesimulator macosx";
				SWIFT_EMIT_LOC_STRINGS = YES;
				SWIFT_VERSION = 5.0;
				TARGETED_DEVICE_FAMILY = "1,2";
			};
			name = Debug;
		};
		6C75C8332AD4EBE100FFFE24 /* Release */ = {
			isa = XCBuildConfiguration;
			buildSettings = {
				ASSETCATALOG_COMPILER_APPICON_NAME = AppIcon;
				ASSETCATALOG_COMPILER_GLOBAL_ACCENT_COLOR_NAME = AccentColor;
				CODE_SIGN_ENTITLEMENTS = bogPhoneOS/bogPhoneOS.entitlements;
				CODE_SIGN_STYLE = Automatic;
				CURRENT_PROJECT_VERSION = 1;
				DEVELOPMENT_ASSET_PATHS = "\"bogPhoneOS/Preview Content\"";
				DEVELOPMENT_TEAM = Z4Q49R8C89;
				ENABLE_HARDENED_RUNTIME = YES;
				ENABLE_PREVIEWS = YES;
				GENERATE_INFOPLIST_FILE = YES;
				"INFOPLIST_KEY_UIApplicationSceneManifest_Generation[sdk=iphoneos*]" = YES;
				"INFOPLIST_KEY_UIApplicationSceneManifest_Generation[sdk=iphonesimulator*]" = YES;
				"INFOPLIST_KEY_UIApplicationSupportsIndirectInputEvents[sdk=iphoneos*]" = YES;
				"INFOPLIST_KEY_UIApplicationSupportsIndirectInputEvents[sdk=iphonesimulator*]" = YES;
				"INFOPLIST_KEY_UILaunchScreen_Generation[sdk=iphoneos*]" = YES;
				"INFOPLIST_KEY_UILaunchScreen_Generation[sdk=iphonesimulator*]" = YES;
				"INFOPLIST_KEY_UIStatusBarStyle[sdk=iphoneos*]" = UIStatusBarStyleDefault;
				"INFOPLIST_KEY_UIStatusBarStyle[sdk=iphonesimulator*]" = UIStatusBarStyleDefault;
				INFOPLIST_KEY_UISupportedInterfaceOrientations_iPad = "UIInterfaceOrientationPortrait UIInterfaceOrientationPortraitUpsideDown UIInterfaceOrientationLandscapeLeft UIInterfaceOrientationLandscapeRight";
				INFOPLIST_KEY_UISupportedInterfaceOrientations_iPhone = "UIInterfaceOrientationPortrait UIInterfaceOrientationLandscapeLeft UIInterfaceOrientationLandscapeRight";
				IPHONEOS_DEPLOYMENT_TARGET = 16.0;
				LD_RUNPATH_SEARCH_PATHS = "@executable_path/Frameworks";
				"LD_RUNPATH_SEARCH_PATHS[sdk=macosx*]" = "@executable_path/../Frameworks";
				MACOSX_DEPLOYMENT_TARGET = 14.0;
				MARKETING_VERSION = 1.0;
				PRODUCT_BUNDLE_IDENTIFIER = greenleafgames.bogPhoneOS;
				PRODUCT_NAME = "$(TARGET_NAME)";
				SDKROOT = auto;
				SUPPORTED_PLATFORMS = "iphoneos iphonesimulator macosx";
				SWIFT_EMIT_LOC_STRINGS = YES;
				SWIFT_VERSION = 5.0;
				TARGETED_DEVICE_FAMILY = "1,2";
			};
			name = Release;
		};
/* End XCBuildConfiguration section */

/* Begin XCConfigurationList section */
		6C75C81D2AD4EBDF00FFFE24 /* Build configuration list for PBXProject "bogPhoneOS" */ = {
			isa = XCConfigurationList;
			buildConfigurations = (
				6C75C82F2AD4EBE100FFFE24 /* Debug */,
				6C75C8302AD4EBE100FFFE24 /* Release */,
			);
			defaultConfigurationIsVisible = 0;
			defaultConfigurationName = Release;
		};
		6C75C8312AD4EBE100FFFE24 /* Build configuration list for PBXNativeTarget "bogPhoneOS" */ = {
			isa = XCConfigurationList;
			buildConfigurations = (
				6C75C8322AD4EBE100FFFE24 /* Debug */,
				6C75C8332AD4EBE100FFFE24 /* Release */,
			);
			defaultConfigurationIsVisible = 0;
			defaultConfigurationName = Release;
		};
/* End XCConfigurationList section */
	};
	rootObject = 6C75C81A2AD4EBDF00FFFE24 /* Project object */;
}
